Microsoft Visual Studio Solution File, Format Version 7.00
Project("{8BC9CEB8-8B4A-11D0-8D11-00A0C91BC942}") = "libAR", "lib\SRC\AR\libAR.vcproj", "{191F78D2-7A53-4EAF-94E9-433DF5496E6E}"
EndProject
Project("{8BC9CEB8-8B4A-11D0-8D11-00A0C91BC942}") = "libARMulti", "lib\SRC\ARMulti\libARMulti.vcproj", "{6BB655FE-B823-4BE4-BDC9-FD3738FF82BC}"
EndProject
Project("{8BC9CEB8-8B4A-11D0-8D11-00A0C91BC942}") = "libARgsub", "lib\SRC\Gl\libARgsub.vcproj", "{1CB7F08A-A8E5-457B-A589-9878F126601D}"
EndProject
Project("{8BC9CEB8-8B4A-11D0-8D11-00A0C91BC942}") = "libARgsubUtil", "lib\SRC\Gl\libARgsubUtil.vcproj", "{81A146C4-A7ED-462D-ADF3-FE93E82F2B9B}"
EndProject
Project("{8BC9CEB8-8B4A-11D0-8D11-00A0C91BC942}") = "libARvideo", "lib\SRC\VideoWin32DirectShow\libARvideo.vcproj", "{89E3CB14-46DF-46BB-B87F-CC653045B14C}"
EndProject
Project("{8BC9CEB8-8B4A-11D0-8D11-00A0C91BC942}") = "simpleTest", "examples\simple\simpleTest.vcproj", "{89E3CB14-46DF-46BB-B87F-CC653045B14C}"
EndProject
Project("{8BC9CEB8-8B4A-11D0-8D11-00A0C91BC942}") = "simpleTest2", "examples\simple2\simpleTest2.vcproj", "{89E3CB14-46DF-46BB-B87F-CC653045B14C}"
EndProject
Project("{8BC9CEB8-8B4A-11D0-8D11-00A0C91BC942}") = "relationTest", "examples\relation\relationTest.vcproj", "{89E3CB14-46DF-46BB-B87F-CC653045B14C}"
EndProject
Project("{8BC9CEB8-8B4A-11D0-8D11-00A0C91BC942}") = "optical", "examples\optical\optical.vcproj", "{89E3CB14-46DF-46BB-B87F-CC653045B14C}"
EndProject
Project("{8BC9CEB8-8B4A-11D0-8D11-00A0C91BC942}") = "multiTest", "examples\multi\multiTest.vcproj", "{89E3CB14-46DF-46BB-B87F-CC653045B14C}"
EndProject
Project("{8BC9CEB8-8B4A-11D0-8D11-00A0C91BC942}") = "exview", "examples\exview\exview.vcproj", "{89E3CB14-46DF-46BB-B87F-CC653045B14C}"
EndProject
Project("{8BC9CEB8-8B4A-11D0-8D11-00A0C91BC942}") = "calib_camera2", "util\calib_camera2\calib_camera.vcproj", "{89E3CB14-46DF-46BB-B87F-CC653045B14C}"
EndProject
Project("{8BC9CEB8-8B4A-11D0-8D11-00A0C91BC942}") = "calib_cparam", "util\calib_cparam\calib_cparam.vcproj", "{89E3CB14-46DF-46BB-B87F-CC653045B14C}"
EndProject
Project("{8BC9CEB8-8B4A-11D0-8D11-00A0C91BC942}") = "calib_dist", "util\calib_distortion\calib_dist.vcproj", "{89E3CB14-46DF-46BB-B87F-CC653045B14C}"
EndProject
Project("{8BC9CEB8-8B4A-11D0-8D11-00A0C91BC942}") = "mk_patt", "util\mk_patt\mk_patt.vcproj", "{89E3CB14-46DF-46BB-B87F-CC653045B14C}"
EndProject
Global
	GlobalSection(SolutionConfiguration) = preSolution
		ConfigName.0 = Debug
		ConfigName.1 = Release
	EndGlobalSection
	GlobalSection(ProjectDependencies) = postSolution
		{89E3CB14-46DF-46BB-B87F-CC653045B14C}.0 = {1CB7F08A-A8E5-457B-A589-9878F126601D}
		{89E3CB14-46DF-46BB-B87F-CC653045B14C}.1 = {191F78D2-7A53-4EAF-94E9-433DF5496E6E}
		{89E3CB14-46DF-46BB-B87F-CC653045B14C}.2 = {1CB7F08A-A8E5-457B-A589-9878F126601D}
		{89E3CB14-46DF-46BB-B87F-CC653045B14C}.3 = {1CB7F08A-A8E5-457B-A589-9878F126601D}
		{89E3CB14-46DF-46BB-B87F-CC653045B14C}.4 = {191F78D2-7A53-4EAF-94E9-433DF5496E6E}
		{89E3CB14-46DF-46BB-B87F-CC653045B14C}.0 = {1CB7F08A-A8E5-457B-A589-9878F126601D}
		{89E3CB14-46DF-46BB-B87F-CC653045B14C}.1 = {191F78D2-7A53-4EAF-94E9-433DF5496E6E}
		{89E3CB14-46DF-46BB-B87F-CC653045B14C}.2 = {1CB7F08A-A8E5-457B-A589-9878F126601D}
		{89E3CB14-46DF-46BB-B87F-CC653045B14C}.3 = {1CB7F08A-A8E5-457B-A589-9878F126601D}
		{89E3CB14-46DF-46BB-B87F-CC653045B14C}.4 = {191F78D2-7A53-4EAF-94E9-433DF5496E6E}
		{89E3CB14-46DF-46BB-B87F-CC653045B14C}.0 = {1CB7F08A-A8E5-457B-A589-9878F126601D}
		{89E3CB14-46DF-46BB-B87F-CC653045B14C}.1 = {191F78D2-7A53-4EAF-94E9-433DF5496E6E}
		{89E3CB14-46DF-46BB-B87F-CC653045B14C}.2 = {1CB7F08A-A8E5-457B-A589-9878F126601D}
		{89E3CB14-46DF-46BB-B87F-CC653045B14C}.3 = {1CB7F08A-A8E5-457B-A589-9878F126601D}
		{89E3CB14-46DF-46BB-B87F-CC653045B14C}.4 = {191F78D2-7A53-4EAF-94E9-433DF5496E6E}
		{89E3CB14-46DF-46BB-B87F-CC653045B14C}.0 = {1CB7F08A-A8E5-457B-A589-9878F126601D}
		{89E3CB14-46DF-46BB-B87F-CC653045B14C}.1 = {191F78D2-7A53-4EAF-94E9-433DF5496E6E}
		{89E3CB14-46DF-46BB-B87F-CC653045B14C}.2 = {1CB7F08A-A8E5-457B-A589-9878F126601D}
		{89E3CB14-46DF-46BB-B87F-CC653045B14C}.3 = {1CB7F08A-A8E5-457B-A589-9878F126601D}
		{89E3CB14-46DF-46BB-B87F-CC653045B14C}.4 = {191F78D2-7A53-4EAF-94E9-433DF5496E6E}
		{89E3CB14-46DF-46BB-B87F-CC653045B14C}.0 = {1CB7F08A-A8E5-457B-A589-9878F126601D}
		{89E3CB14-46DF-46BB-B87F-CC653045B14C}.1 = {191F78D2-7A53-4EAF-94E9-433DF5496E6E}
		{89E3CB14-46DF-46BB-B87F-CC653045B14C}.2 = {1CB7F08A-A8E5-457B-A589-9878F126601D}
		{89E3CB14-46DF-46BB-B87F-CC653045B14C}.3 = {1CB7F08A-A8E5-457B-A589-9878F126601D}
		{89E3CB14-46DF-46BB-B87F-CC653045B14C}.4 = {191F78D2-7A53-4EAF-94E9-433DF5496E6E}
		{89E3CB14-46DF-46BB-B87F-CC653045B14C}.0 = {1CB7F08A-A8E5-457B-A589-9878F126601D}
		{89E3CB14-46DF-46BB-B87F-CC653045B14C}.1 = {191F78D2-7A53-4EAF-94E9-433DF5496E6E}
		{89E3CB14-46DF-46BB-B87F-CC653045B14C}.2 = {1CB7F08A-A8E5-457B-A589-9878F126601D}
		{89E3CB14-46DF-46BB-B87F-CC653045B14C}.3 = {1CB7F08A-A8E5-457B-A589-9878F126601D}
		{89E3CB14-46DF-46BB-B87F-CC653045B14C}.4 = {191F78D2-7A53-4EAF-94E9-433DF5496E6E}
		{89E3CB14-46DF-46BB-B87F-CC653045B14C}.0 = {1CB7F08A-A8E5-457B-A589-9878F126601D}
		{89E3CB14-46DF-46BB-B87F-CC653045B14C}.1 = {191F78D2-7A53-4EAF-94E9-433DF5496E6E}
		{89E3CB14-46DF-46BB-B87F-CC653045B14C}.2 = {1CB7F08A-A8E5-457B-A589-9878F126601D}
		{89E3CB14-46DF-46BB-B87F-CC653045B14C}.3 = {1CB7F08A-A8E5-457B-A589-9878F126601D}
		{89E3CB14-46DF-46BB-B87F-CC653045B14C}.4 = {191F78D2-7A53-4EAF-94E9-433DF5496E6E}
		{89E3CB14-46DF-46BB-B87F-CC653045B14C}.0 = {1CB7F08A-A8E5-457B-A589-9878F126601D}
		{89E3CB14-46DF-46BB-B87F-CC653045B14C}.1 = {191F78D2-7A53-4EAF-94E9-433DF5496E6E}
		{89E3CB14-46DF-46BB-B87F-CC653045B14C}.2 = {1CB7F08A-A8E5-457B-A589-9878F126601D}
		{89E3CB14-46DF-46BB-B87F-CC653045B14C}.3 = {1CB7F08A-A8E5-457B-A589-9878F126601D}
		{89E3CB14-46DF-46BB-B87F-CC653045B14C}.4 = {191F78D2-7A53-4EAF-94E9-433DF5496E6E}
		{89E3CB14-46DF-46BB-B87F-CC653045B14C}.0 = {1CB7F08A-A8E5-457B-A589-9878F126601D}
		{89E3CB14-46DF-46BB-B87F-CC653045B14C}.1 = {191F78D2-7A53-4EAF-94E9-433DF5496E6E}
		{89E3CB14-46DF-46BB-B87F-CC653045B14C}.2 = {1CB7F08A-A8E5-457B-A589-9878F126601D}
		{89E3CB14-46DF-46BB-B87F-CC653045B14C}.3 = {1CB7F08A-A8E5-457B-A589-9878F126601D}
		{89E3CB14-46DF-46BB-B87F-CC653045B14C}.4 = {191F78D2-7A53-4EAF-94E9-433DF5496E6E}
		{89E3CB14-46DF-46BB-B87F-CC653045B14C}.0 = {1CB7F08A-A8E5-457B-A589-9878F126601D}
		{89E3CB14-46DF-46BB-B87F-CC653045B14C}.1 = {191F78D2-7A53-4EAF-94E9-433DF5496E6E}
		{89E3CB14-46DF-46BB-B87F-CC653045B14C}.2 = {1CB7F08A-A8E5-457B-A589-9878F126601D}
		{89E3CB14-46DF-46BB-B87F-CC653045B14C}.3 = {1CB7F08A-A8E5-457B-A589-9878F126601D}
		{89E3CB14-46DF-46BB-B87F-CC653045B14C}.4 = {191F78D2-7A53-4EAF-94E9-433DF5496E6E}
		{89E3CB14-46DF-46BB-B87F-CC653045B14C}.0 = {1CB7F08A-A8E5-457B-A589-9878F126601D}
		{89E3CB14-46DF-46BB-B87F-CC653045B14C}.1 = {191F78D2-7A53-4EAF-94E9-433DF5496E6E}
		{89E3CB14-46DF-46BB-B87F-CC653045B14C}.2 = {1CB7F08A-A8E5-457B-A589-9878F126601D}
		{89E3CB14-46DF-46BB-B87F-CC653045B14C}.3 = {1CB7F08A-A8E5-457B-A589-9878F126601D}
		{89E3CB14-46DF-46BB-B87F-CC653045B14C}.4 = {191F78D2-7A53-4EAF-94E9-433DF5496E6E}
	EndGlobalSection
	GlobalSection(ProjectConfiguration) = postSolution
		{191F78D2-7A53-4EAF-94E9-433DF5496E6E}.Debug.ActiveCfg = Debug|Win32
		{191F78D2-7A53-4EAF-94E9-433DF5496E6E}.Debug.Build.0 = Debug|Win32
		{191F78D2-7A53-4EAF-94E9-433DF5496E6E}.Release.ActiveCfg = Release|Win32
		{191F78D2-7A53-4EAF-94E9-433DF5496E6E}.Release.Build.0 = Release|Win32
		{6BB655FE-B823-4BE4-BDC9-FD3738FF82BC}.Debug.ActiveCfg = Debug|Win32
		{6BB655FE-B823-4BE4-BDC9-FD3738FF82BC}.Debug.Build.0 = Debug|Win32
		{6BB655FE-B823-4BE4-BDC9-FD3738FF82BC}.Release.ActiveCfg = Release|Win32
		{6BB655FE-B823-4BE4-BDC9-FD3738FF82BC}.Release.Build.0 = Release|Win32
		{1CB7F08A-A8E5-457B-A589-9878F126601D}.Debug.ActiveCfg = Debug|Win32
		{1CB7F08A-A8E5-457B-A589-9878F126601D}.Debug.Build.0 = Debug|Win32
		{1CB7F08A-A8E5-457B-A589-9878F126601D}.Release.ActiveCfg = Release|Win32
		{1CB7F08A-A8E5-457B-A589-9878F126601D}.Release.Build.0 = Release|Win32
		{81A146C4-A7ED-462D-ADF3-FE93E82F2B9B}.Debug.ActiveCfg = Debug|Win32
		{81A146C4-A7ED-462D-ADF3-FE93E82F2B9B}.Debug.Build.0 = Debug|Win32
		{81A146C4-A7ED-462D-ADF3-FE93E82F2B9B}.Release.ActiveCfg = Release|Win32
		{81A146C4-A7ED-462D-ADF3-FE93E82F2B9B}.Release.Build.0 = Release|Win32
		{89E3CB14-46DF-46BB-B87F-CC653045B14C}.Debug.ActiveCfg = Debug|Win32
		{89E3CB14-46DF-46BB-B87F-CC653045B14C}.Debug.Build.0 = Debug|Win32
		{89E3CB14-46DF-46BB-B87F-CC653045B14C}.Release.ActiveCfg = Release|Win32
		{89E3CB14-46DF-46BB-B87F-CC653045B14C}.Release.Build.0 = Release|Win32
		{89E3CB14-46DF-46BB-B87F-CC653045B14C}.Debug.ActiveCfg = Debug|Win32
		{89E3CB14-46DF-46BB-B87F-CC653045B14C}.Debug.Build.0 = Debug|Win32
		{89E3CB14-46DF-46BB-B87F-CC653045B14C}.Release.ActiveCfg = Release|Win32
		{89E3CB14-46DF-46BB-B87F-CC653045B14C}.Release.Build.0 = Release|Win32
		{89E3CB14-46DF-46BB-B87F-CC653045B14C}.Debug.ActiveCfg = Debug|Win32
		{89E3CB14-46DF-46BB-B87F-CC653045B14C}.Debug.Build.0 = Debug|Win32
		{89E3CB14-46DF-46BB-B87F-CC653045B14C}.Release.ActiveCfg = Release|Win32
		{89E3CB14-46DF-46BB-B87F-CC653045B14C}.Release.Build.0 = Release|Win32
		{89E3CB14-46DF-46BB-B87F-CC653045B14C}.Debug.ActiveCfg = Debug|Win32
		{89E3CB14-46DF-46BB-B87F-CC653045B14C}.Debug.Build.0 = Debug|Win32
		{89E3CB14-46DF-46BB-B87F-CC653045B14C}.Release.ActiveCfg = Release|Win32
		{89E3CB14-46DF-46BB-B87F-CC653045B14C}.Release.Build.0 = Release|Win32
		{89E3CB14-46DF-46BB-B87F-CC653045B14C}.Debug.ActiveCfg = Debug|Win32
		{89E3CB14-46DF-46BB-B87F-CC653045B14C}.Debug.Build.0 = Debug|Win32
		{89E3CB14-46DF-46BB-B87F-CC653045B14C}.Release.ActiveCfg = Release|Win32
		{89E3CB14-46DF-46BB-B87F-CC653045B14C}.Release.Build.0 = Release|Win32
		{89E3CB14-46DF-46BB-B87F-CC653045B14C}.Debug.ActiveCfg = Debug|Win32
		{89E3CB14-46DF-46BB-B87F-CC653045B14C}.Debug.Build.0 = Debug|Win32
		{89E3CB14-46DF-46BB-B87F-CC653045B14C}.Release.ActiveCfg = Release|Win32
		{89E3CB14-46DF-46BB-B87F-CC653045B14C}.Release.Build.0 = Release|Win32
		{89E3CB14-46DF-46BB-B87F-CC653045B14C}.Debug.ActiveCfg = Debug|Win32
		{89E3CB14-46DF-46BB-B87F-CC653045B14C}.Debug.Build.0 = Debug|Win32
		{89E3CB14-46DF-46BB-B87F-CC653045B14C}.Release.ActiveCfg = Release|Win32
		{89E3CB14-46DF-46BB-B87F-CC653045B14C}.Release.Build.0 = Release|Win32
		{89E3CB14-46DF-46BB-B87F-CC653045B14C}.Debug.ActiveCfg = Debug|Win32
		{89E3CB14-46DF-46BB-B87F-CC653045B14C}.Debug.Build.0 = Debug|Win32
		{89E3CB14-46DF-46BB-B87F-CC653045B14C}.Release.ActiveCfg = Release|Win32
		{89E3CB14-46DF-46BB-B87F-CC653045B14C}.Release.Build.0 = Release|Win32
		{89E3CB14-46DF-46BB-B87F-CC653045B14C}.Debug.ActiveCfg = Debug|Win32
		{89E3CB14-46DF-46BB-B87F-CC653045B14C}.Debug.Build.0 = Debug|Win32
		{89E3CB14-46DF-46BB-B87F-CC653045B14C}.Release.ActiveCfg = Release|Win32
		{89E3CB14-46DF-46BB-B87F-CC653045B14C}.Release.Build.0 = Release|Win32
		{89E3CB14-46DF-46BB-B87F-CC653045B14C}.Debug.ActiveCfg = Debug|Win32
		{89E3CB14-46DF-46BB-B87F-CC653045B14C}.Debug.Build.0 = Debug|Win32
		{89E3CB14-46DF-46BB-B87F-CC653045B14C}.Release.ActiveCfg = Release|Win32
		{89E3CB14-46DF-46BB-B87F-CC653045B14C}.Release.Build.0 = Release|Win32
		{89E3CB14-46DF-46BB-B87F-CC653045B14C}.Debug.ActiveCfg = Debug|Win32
		{89E3CB14-46DF-46BB-B87F-CC653045B14C}.Debug.Build.0 = Debug|Win32
		{89E3CB14-46DF-46BB-B87F-CC653045B14C}.Release.ActiveCfg = Release|Win32
		{89E3CB14-46DF-46BB-B87F-CC653045B14C}.Release.Build.0 = Release|Win32
	EndGlobalSection
	GlobalSection(ExtensibilityGlobals) = postSolution
	EndGlobalSection
	GlobalSection(ExtensibilityAddIns) = postSolution
	EndGlobalSection
EndGlobal
